// !$*UTF8*$!
{
	archiveVersion = 1;
	classes = {
	};
	objectVersion = 50;
	objects = {

/* Begin PBXBuildFile section */
		4B1268A4242A885B0021B67C /* AppDelegate.swift in Sources */ = {isa = PBXBuildFile; fileRef = 4B1268A3242A885B0021B67C /* AppDelegate.swift */; };
		4B1268A6242A885B0021B67C /* SceneDelegate.swift in Sources */ = {isa = PBXBuildFile; fileRef = 4B1268A5242A885B0021B67C /* SceneDelegate.swift */; };
		4B1268A8242A885B0021B67C /* MainViewController.swift in Sources */ = {isa = PBXBuildFile; fileRef = 4B1268A7242A885B0021B67C /* MainViewController.swift */; };
		4B1268AB242A885B0021B67C /* Main.storyboard in Resources */ = {isa = PBXBuildFile; fileRef = 4B1268A9242A885B0021B67C /* Main.storyboard */; };
		4B1268AD242A885C0021B67C /* Assets.xcassets in Resources */ = {isa = PBXBuildFile; fileRef = 4B1268AC242A885C0021B67C /* Assets.xcassets */; };
		4B1268B0242A885C0021B67C /* LaunchScreen.storyboard in Resources */ = {isa = PBXBuildFile; fileRef = 4B1268AE242A885C0021B67C /* LaunchScreen.storyboard */; };
		4B1268BC242A890B0021B67C /* HeroesViewController.swift in Sources */ = {isa = PBXBuildFile; fileRef = 4B1268BB242A890B0021B67C /* HeroesViewController.swift */; };
		4B1268BE242A892D0021B67C /* HeroCell.swift in Sources */ = {isa = PBXBuildFile; fileRef = 4B1268BD242A892D0021B67C /* HeroCell.swift */; };
		4B1268C0242A893C0021B67C /* Hero.swift in Sources */ = {isa = PBXBuildFile; fileRef = 4B1268BF242A893C0021B67C /* Hero.swift */; };
		4BC61EF2242B31FC00B8E743 /* DetailViewController.swift in Sources */ = {isa = PBXBuildFile; fileRef = 4BC61EF1242B31FC00B8E743 /* DetailViewController.swift */; };
/* End PBXBuildFile section */

/* Begin PBXFileReference section */
		4B1268A0242A885B0021B67C /* st2_HW10.app */ = {isa = PBXFileReference; explicitFileType = wrapper.application; includeInIndex = 0; path = st2_HW10.app; sourceTree = BUILT_PRODUCTS_DIR; };
		4B1268A3242A885B0021B67C /* AppDelegate.swift */ = {isa = PBXFileReference; lastKnownFileType = sourcecode.swift; path = AppDelegate.swift; sourceTree = "<group>"; };
		4B1268A5242A885B0021B67C /* SceneDelegate.swift */ = {isa = PBXFileReference; lastKnownFileType = sourcecode.swift; path = SceneDelegate.swift; sourceTree = "<group>"; };
		4B1268A7242A885B0021B67C /* MainViewController.swift */ = {isa = PBXFileReference; lastKnownFileType = sourcecode.swift; path = MainViewController.swift; sourceTree = "<group>"; };
		4B1268AA242A885B0021B67C /* Base */ = {isa = PBXFileReference; lastKnownFileType = file.storyboard; name = Base; path = Base.lproj/Main.storyboard; sourceTree = "<group>"; };
		4B1268AC242A885C0021B67C /* Assets.xcassets */ = {isa = PBXFileReference; lastKnownFileType = folder.assetcatalog; path = Assets.xcassets; sourceTree = "<group>"; };
		4B1268AF242A885C0021B67C /* Base */ = {isa = PBXFileReference; lastKnownFileType = file.storyboard; name = Base; path = Base.lproj/LaunchScreen.storyboard; sourceTree = "<group>"; };
		4B1268B1242A885C0021B67C /* Info.plist */ = {isa = PBXFileReference; lastKnownFileType = text.plist.xml; path = Info.plist; sourceTree = "<group>"; };
		4B1268BB242A890B0021B67C /* HeroesViewController.swift */ = {isa = PBXFileReference; lastKnownFileType = sourcecode.swift; path = HeroesViewController.swift; sourceTree = "<group>"; };
		4B1268BD242A892D0021B67C /* HeroCell.swift */ = {isa = PBXFileReference; lastKnownFileType = sourcecode.swift; path = HeroCell.swift; sourceTree = "<group>"; };
		4B1268BF242A893C0021B67C /* Hero.swift */ = {isa = PBXFileReference; lastKnownFileType = sourcecode.swift; path = Hero.swift; sourceTree = "<group>"; };
		4BC61EF1242B31FC00B8E743 /* DetailViewController.swift */ = {isa = PBXFileReference; lastKnownFileType = sourcecode.swift; path = DetailViewController.swift; sourceTree = "<group>"; };
/* End PBXFileReference section */

/* Begin PBXFrameworksBuildPhase section */
		4B12689D242A885B0021B67C /* Frameworks */ = {
			isa = PBXFrameworksBuildPhase;
			buildActionMask = 2147483647;
			files = (
			);
			runOnlyForDeploymentPostprocessing = 0;
		};
/* End PBXFrameworksBuildPhase section */

/* Begin PBXGroup section */
		4B126897242A885B0021B67C = {
			isa = PBXGroup;
			children = (
				4B1268A2242A885B0021B67C /* st2_HW10 */,
				4B1268A1242A885B0021B67C /* Products */,
			);
			sourceTree = "<group>";
		};
		4B1268A1242A885B0021B67C /* Products */ = {
			isa = PBXGroup;
			children = (
				4B1268A0242A885B0021B67C /* st2_HW10.app */,
			);
			name = Products;
			sourceTree = "<group>";
		};
		4B1268A2242A885B0021B67C /* st2_HW10 */ = {
			isa = PBXGroup;
			children = (
				4B1268B7242A88660021B67C /* Model */,
				4B1268A3242A885B0021B67C /* AppDelegate.swift */,
				4B1268A5242A885B0021B67C /* SceneDelegate.swift */,
				4B1268B8242A88790021B67C /* ViewControllers */,
				4B1268B9242A88950021B67C /* Storiboards */,
				4B1268AC242A885C0021B67C /* Assets.xcassets */,
				4B1268B1242A885C0021B67C /* Info.plist */,
			);
			path = st2_HW10;
			sourceTree = "<group>";
		};
		4B1268B7242A88660021B67C /* Model */ = {
			isa = PBXGroup;
			children = (
				4B1268BF242A893C0021B67C /* Hero.swift */,
			);
			path = Model;
			sourceTree = "<group>";
		};
		4B1268B8242A88790021B67C /* ViewControllers */ = {
			isa = PBXGroup;
			children = (
				4B1268A7242A885B0021B67C /* MainViewController.swift */,
				4B1268BB242A890B0021B67C /* HeroesViewController.swift */,
				4B1268BD242A892D0021B67C /* HeroCell.swift */,
				4BC61EF1242B31FC00B8E743 /* DetailViewController.swift */,
			);
			path = ViewControllers;
			sourceTree = "<group>";
		};
		4B1268B9242A88950021B67C /* Storiboards */ = {
			isa = PBXGroup;
			children = (
				4B1268A9242A885B0021B67C /* Main.storyboard */,
				4B1268AE242A885C0021B67C /* LaunchScreen.storyboard */,
			);
			path = Storiboards;
			sourceTree = "<group>";
		};
/* End PBXGroup section */

/* Begin PBXNativeTarget section */
		4B12689F242A885B0021B67C /* st2_HW10 */ = {
			isa = PBXNativeTarget;
			buildConfigurationList = 4B1268B4242A885C0021B67C /* Build configuration list for PBXNativeTarget "st2_HW10" */;
			buildPhases = (
				4B12689C242A885B0021B67C /* Sources */,
				4B12689D242A885B0021B67C /* Frameworks */,
				4B12689E242A885B0021B67C /* Resources */,
			);
			buildRules = (
			);
			dependencies = (
			);
			name = st2_HW10;
			productName = st2_HW10;
			productReference = 4B1268A0242A885B0021B67C /* st2_HW10.app */;
			productType = "com.apple.product-type.application";
		};
/* End PBXNativeTarget section */

/* Begin PBXProject section */
		4B126898242A885B0021B67C /* Project object */ = {
			isa = PBXProject;
			attributes = {
				LastSwiftUpdateCheck = 1130;
				LastUpgradeCheck = 1130;
				ORGANIZATIONNAME = "Dmitry Shuvalov";
				TargetAttributes = {
					4B12689F242A885B0021B67C = {
						CreatedOnToolsVersion = 11.3.1;
					};
				};
			};
			buildConfigurationList = 4B12689B242A885B0021B67C /* Build configuration list for PBXProject "st2_HW10" */;
			compatibilityVersion = "Xcode 9.3";
			developmentRegion = en;
			hasScannedForEncodings = 0;
			knownRegions = (
				en,
				Base,
			);
			mainGroup = 4B126897242A885B0021B67C;
			productRefGroup = 4B1268A1242A885B0021B67C /* Products */;
			projectDirPath = "";
			projectRoot = "";
			targets = (
				4B12689F242A885B0021B67C /* st2_HW10 */,
			);
		};
/* End PBXProject section */

/* Begin PBXResourcesBuildPhase section */
		4B12689E242A885B0021B67C /* Resources */ = {
			isa = PBXResourcesBuildPhase;
			buildActionMask = 2147483647;
			files = (
				4B1268B0242A885C0021B67C /* LaunchScreen.storyboard in Resources */,
				4B1268AD242A885C0021B67C /* Assets.xcassets in Resources */,
				4B1268AB242A885B0021B67C /* Main.storyboard in Resources */,
			);
			runOnlyForDeploymentPostprocessing = 0;
		};
/* End PBXResourcesBuildPhase section */

/* Begin PBXSourcesBuildPhase section */
		4B12689C242A885B0021B67C /* Sources */ = {
			isa = PBXSourcesBuildPhase;
			buildActionMask = 2147483647;
			files = (
				4BC61EF2242B31FC00B8E743 /* DetailViewController.swift in Sources */,
				4B1268BE242A892D0021B67C /* HeroCell.swift in Sources */,
				4B1268A8242A885B0021B67C /* MainViewController.swift in Sources */,
				4B1268A4242A885B0021B67C /* AppDelegate.swift in Sources */,
				4B1268BC242A890B0021B67C /* HeroesViewController.swift in Sources */,
				4B1268A6242A885B0021B67C /* SceneDelegate.swift in Sources */,
				4B1268C0242A893C0021B67C /* Hero.swift in Sources */,
			);
			runOnlyForDeploymentPostprocessing = 0;
		};
/* End PBXSourcesBuildPhase section */

/* Begin PBXVariantGroup section */
		4B1268A9242A885B0021B67C /* Main.storyboard */ = {
			isa = PBXVariantGroup;
			children = (
				4B1268AA242A885B0021B67C /* Base */,
			);
			name = Main.storyboard;
			sourceTree = "<group>";
		};
		4B1268AE242A885C0021B67C /* LaunchScreen.storyboard */ = {
			isa = PBXVariantGroup;
			children = (
				4B1268AF242A885C0021B67C /* Base */,
			);
			name = LaunchScreen.storyboard;
			sourceTree = "<group>";
		};
/* End PBXVariantGroup section */

/* Begin XCBuildConfiguration section */
		4B1268B2242A885C0021B67C /* Debug */ = {
			isa = XCBuildConfiguration;
			buildSettings = {
				ALWAYS_SEARCH_USER_PATHS = NO;
				CLANG_ANALYZER_NONNULL = YES;
				CLANG_ANALYZER_NUMBER_OBJECT_CONVERSION = YES_AGGRESSIVE;
				CLANG_CXX_LANGUAGE_STANDARD = "gnu++14";
				CLANG_CXX_LIBRARY = "libc++";
				CLANG_ENABLE_MODULES = YES;
				CLANG_ENABLE_OBJC_ARC = YES;
				CLANG_ENABLE_OBJC_WEAK = YES;
				CLANG_WARN_BLOCK_CAPTURE_AUTORELEASING = YES;
				CLANG_WARN_BOOL_CONVERSION = YES;
				CLANG_WARN_COMMA = YES;
				CLANG_WARN_CONSTANT_CONVERSION = YES;
				CLANG_WARN_DEPRECATED_OBJC_IMPLEMENTATIONS = YES;
				CLANG_WARN_DIRECT_OBJC_ISA_USAGE = YES_ERROR;
				CLANG_WARN_DOCUMENTATION_COMMENTS = YES;
				CLANG_WARN_EMPTY_BODY = YES;
				CLANG_WARN_ENUM_CONVERSION = YES;
				CLANG_WARN_INFINITE_RECURSION = YES;
				CLANG_WARN_INT_CONVERSION = YES;
				CLANG_WARN_NON_LITERAL_NULL_CONVERSION = YES;
				CLANG_WARN_OBJC_IMPLICIT_RETAIN_SELF = YES;
				CLANG_WARN_OBJC_LITERAL_CONVERSION = YES;
				CLANG_WARN_OBJC_ROOT_CLASS = YES_ERROR;
				CLANG_WARN_RANGE_LOOP_ANALYSIS = YES;
				CLANG_WARN_STRICT_PROTOTYPES = YES;
				CLANG_WARN_SUSPICIOUS_MOVE = YES;
				CLANG_WARN_UNGUARDED_AVAILABILITY = YES_AGGRESSIVE;
				CLANG_WARN_UNREACHABLE_CODE = YES;
				CLANG_WARN__DUPLICATE_METHOD_MATCH = YES;
				COPY_PHASE_STRIP = NO;
				DEBUG_INFORMATION_FORMAT = dwarf;
				ENABLE_STRICT_OBJC_MSGSEND = YES;
				ENABLE_TESTABILITY = YES;
				GCC_C_LANGUAGE_STANDARD = gnu11;
				GCC_DYNAMIC_NO_PIC = NO;
				GCC_NO_COMMON_BLOCKS = YES;
				GCC_OPTIMIZATION_LEVEL = 0;
				GCC_PREPROCESSOR_DEFINITIONS = (
					"DEBUG=1",
					"$(inherited)",
				);
				GCC_WARN_64_TO_32_BIT_CONVERSION = YES;
				GCC_WARN_ABOUT_RETURN_TYPE = YES_ERROR;
				GCC_WARN_UNDECLARED_SELECTOR = YES;
				GCC_WARN_UNINITIALIZED_AUTOS = YES_AGGRESSIVE;
				GCC_WARN_UNUSED_FUNCTION = YES;
				GCC_WARN_UNUSED_VARIABLE = YES;
				IPHONEOS_DEPLOYMENT_TARGET = 13.2;
				MTL_ENABLE_DEBUG_INFO = INCLUDE_SOURCE;
				MTL_FAST_MATH = YES;
				ONLY_ACTIVE_ARCH = YES;
				SDKROOT = iphoneos;
				SWIFT_ACTIVE_COMPILATION_CONDITIONS = DEBUG;
				SWIFT_OPTIMIZATION_LEVEL = "-Onone";
			};
			name = Debug;
		};
		4B1268B3242A885C0021B67C /* Release */ = {
			isa = XCBuildConfiguration;
			buildSettings = {
				ALWAYS_SEARCH_USER_PATHS = NO;
				CLANG_ANALYZER_NONNULL = YES;
				CLANG_ANALYZER_NUMBER_OBJECT_CONVERSION = YES_AGGRESSIVE;
				CLANG_CXX_LANGUAGE_STANDARD = "gnu++14";
				CLANG_CXX_LIBRARY = "libc++";
				CLANG_ENABLE_MODULES = YES;
				CLANG_ENABLE_OBJC_ARC = YES;
				CLANG_ENABLE_OBJC_WEAK = YES;
				CLANG_WARN_BLOCK_CAPTURE_AUTORELEASING = YES;
				CLANG_WARN_BOOL_CONVERSION = YES;
				CLANG_WARN_COMMA = YES;
				CLANG_WARN_CONSTANT_CONVERSION = YES;
				CLANG_WARN_DEPRECATED_OBJC_IMPLEMENTATIONS = YES;
				CLANG_WARN_DIRECT_OBJC_ISA_USAGE = YES_ERROR;
				CLANG_WARN_DOCUMENTATION_COMMENTS = YES;
				CLANG_WARN_EMPTY_BODY = YES;
				CLANG_WARN_ENUM_CONVERSION = YES;
				CLANG_WARN_INFINITE_RECURSION = YES;
				CLANG_WARN_INT_CONVERSION = YES;
				CLANG_WARN_NON_LITERAL_NULL_CONVERSION = YES;
				CLANG_WARN_OBJC_IMPLICIT_RETAIN_SELF = YES;
				CLANG_WARN_OBJC_LITERAL_CONVERSION = YES;
				CLANG_WARN_OBJC_ROOT_CLASS = YES_ERROR;
				CLANG_WARN_RANGE_LOOP_ANALYSIS = YES;
				CLANG_WARN_STRICT_PROTOTYPES = YES;
				CLANG_WARN_SUSPICIOUS_MOVE = YES;
				CLANG_WARN_UNGUARDED_AVAILABILITY = YES_AGGRESSIVE;
				CLANG_WARN_UNREACHABLE_CODE = YES;
				CLANG_WARN__DUPLICATE_METHOD_MATCH = YES;
				COPY_PHASE_STRIP = NO;
				DEBUG_INFORMATION_FORMAT = "dwarf-with-dsym";
				ENABLE_NS_ASSERTIONS = NO;
				ENABLE_STRICT_OBJC_MSGSEND = YES;
				GCC_C_LANGUAGE_STANDARD = gnu11;
				GCC_NO_COMMON_BLOCKS = YES;
				GCC_WARN_64_TO_32_BIT_CONVERSION = YES;
				GCC_WARN_ABOUT_RETURN_TYPE = YES_ERROR;
				GCC_WARN_UNDECLARED_SELECTOR = YES;
				GCC_WARN_UNINITIALIZED_AUTOS = YES_AGGRESSIVE;
				GCC_WARN_UNUSED_FUNCTION = YES;
				GCC_WARN_UNUSED_VARIABLE = YES;
				IPHONEOS_DEPLOYMENT_TARGET = 13.2;
				MTL_ENABLE_DEBUG_INFO = NO;
				MTL_FAST_MATH = YES;
				SDKROOT = iphoneos;
				SWIFT_COMPILATION_MODE = wholemodule;
				SWIFT_OPTIMIZATION_LEVEL = "-O";
				VALIDATE_PRODUCT = YES;
			};
			name = Release;
		};
		4B1268B5242A885C0021B67C /* Debug */ = {
			isa = XCBuildConfiguration;
			buildSettings = {
				ASSETCATALOG_COMPILER_APPICON_NAME = AppIcon;
				CODE_SIGN_STYLE = Automatic;
				DEVELOPMENT_TEAM = AUSBBN3B3F;
				INFOPLIST_FILE = st2_HW10/Info.plist;
				LD_RUNPATH_SEARCH_PATHS = (
					"$(inherited)",
					"@executable_path/Frameworks",
				);
				PRODUCT_BUNDLE_IDENTIFIER = "by.DmitryShuvalov.st2-HW10";
				PRODUCT_NAME = "$(TARGET_NAME)";
				SWIFT_VERSION = 5.0;
				TARGETED_DEVICE_FAMILY = "1,2";
			};
			name = Debug;
		};
		4B1268B6242A885C0021B67C /* Release */ = {
			isa = XCBuildConfiguration;
			buildSettings = {
				ASSETCATALOG_COMPILER_APPICON_NAME = AppIcon;
				CODE_SIGN_STYLE = Automatic;
				DEVELOPMENT_TEAM = AUSBBN3B3F;
				INFOPLIST_FILE = st2_HW10/Info.plist;
				LD_RUNPATH_SEARCH_PATHS = (
					"$(inherited)",
					"@executable_path/Frameworks",
				);
				PRODUCT_BUNDLE_IDENTIFIER = "by.DmitryShuvalov.st2-HW10";
				PRODUCT_NAME = "$(TARGET_NAME)";
				SWIFT_VERSION = 5.0;
				TARGETED_DEVICE_FAMILY = "1,2";
			};
			name = Release;
		};
/* End XCBuildConfiguration section */

/* Begin XCConfigurationList section */
		4B12689B242A885B0021B67C /* Build configuration list for PBXProject "st2_HW10" */ = {
			isa = XCConfigurationList;
			buildConfigurations = (
				4B1268B2242A885C0021B67C /* Debug */,
				4B1268B3242A885C0021B67C /* Release */,
			);
			defaultConfigurationIsVisible = 0;
			defaultConfigurationName = Release;
		};
		4B1268B4242A885C0021B67C /* Build configuration list for PBXNativeTarget "st2_HW10" */ = {
			isa = XCConfigurationList;
			buildConfigurations = (
				4B1268B5242A885C0021B67C /* Debug */,
				4B1268B6242A885C0021B67C /* Release */,
			);
			defaultConfigurationIsVisible = 0;
			defaultConfigurationName = Release;
		};
/* End XCConfigurationList section */
	};
	rootObject = 4B126898242A885B0021B67C /* Project object */;
}
